# Resolved in the project-local Python 3.11 virtual environment.
annotated-doc==0.0.4
certifi==2026.6.17
charset-normalizer==3.4.9
colorama==0.4.6
coverage==7.15.2
idna==3.18
iniconfig==2.3.0
librt==0.13.0
markdown-it-py==4.2.0
mdurl==0.1.2
mypy==1.20.2
mypy_extensions==1.1.0
packaging==26.2
pathspec==1.1.1
pluggy==1.6.0
Pygments==2.20.0
pytest==8.4.2
pytest-cov==6.3.0
PyYAML==6.0.3
regex==2026.7.10
requests==2.34.2
rich==15.0.0
ruff==0.15.21
shellingham==1.5.4
tiktoken==0.13.0
typer==0.27.0
types-PyYAML==6.0.12.20260518
typing_extensions==4.16.0
urllib3==2.7.0
